
Microsoft Visual Studio Solution File, Format Version 12.00
# Visual Studio Version 16
VisualStudioVersion = 16.0.31624.102
MinimumVisualStudioVersion = 10.0.40219.1
Project("{FAE04EC0-301F-11D3-BF4B-00C04F79EFBC}") = "PlatformService", "PlatformService\PlatformService.csproj", "{5504B09C-F6CF-4860-8890-82BE3558CD41}"
EndProject
Global
	GlobalSection(SolutionConfigurationPlatforms) = preSolution
		Debug|Any CPU = Debug|Any CPU
		Release|Any CPU = Release|Any CPU
	EndGlobalSection
	GlobalSection(ProjectConfigurationPlatforms) = postSolution
		{5504B09C-F6CF-4860-8890-82BE3558CD41}.Debug|Any CPU.ActiveCfg = Debug|Any CPU
		{5504B09C-F6CF-4860-8890-82BE3558CD41}.Debug|Any CPU.Build.0 = Debug|Any CPU
		{5504B09C-F6CF-4860-8890-82BE3558CD41}.Release|Any CPU.ActiveCfg = Release|Any CPU
		{5504B09C-F6CF-4860-8890-82BE3558CD41}.Release|Any CPU.Build.0 = Release|Any CPU
	EndGlobalSection
	GlobalSection(SolutionProperties) = preSolution
		HideSolutionNode = FALSE
	EndGlobalSection
	GlobalSection(ExtensibilityGlobals) = postSolution
		SolutionGuid = {37E480B9-F13B-4615-9B73-1B19D90C4EAC}
	EndGlobalSection
EndGlobal
